{
  "name": "@ai-research/cli",
  "version": "0.1.0",
  "lockfileVersion": 3,
  "requires": true,
  "packages": {
    "": {
      "name": "@ai-research/cli",
      "version": "0.1.0",
      "dependencies": {
        "@ai-research/core": "file:../core"
      },
      "bin": {
        "ai-research": "bin/ai-research.mjs"
      }
    },
    "../core": {
      "name": "@ai-research/core",
      "version": "0.1.0",
      "dependencies": {
        "sqlite-vec": "^0.1.9"
      },
      "devDependencies": {
        "@types/better-sqlite3": "^7.6.13",
        "@types/node": "^24.0.0",
        "@vitest/coverage-v8": "4.1.11",
        "better-sqlite3": "^12.11.1",
        "typescript": "^5",
        "vitest": "4.1.11"
      }
    },
    "node_modules/@ai-research/core": {
      "resolved": "../core",
      "link": true
    }
  }
}
